# Generated by Dagger. Pins the images and git refs this workspace uses.
# Any Dagger command may update this file; always commit it with your changes.
# Run `dagger workspace update` to refresh the pinned versions.
[["version","2"]]
["","git-latest",["github.com/dagger/sdk-helpers",["version","v1"]],"refs/tags/v1.0.4"]
["","git-latest",["github.com/dagger/typescript-sdk"],"refs/tags/v1"]
["","git-sha",["github.com/dagger/sdk-helpers","refs/tags/v1.0.4"],"6c883f657933ecb06ae86d56d9cd1f8785346bb1"]
["","git-sha",["github.com/dagger/typescript-sdk","refs/tags/v1"],"0763be8f6c49494563172306ef64a4d61556e2b9"]
["","oci-sha",["docker.io/library/golang:1.25-alpine"],"sha256:1ae0735f00daffa3aaf1363a5184c0d2dc55c78e3db4ec70241cdac97bf84b59"]
["","vanity-url",["https://dagger.io/sdk/helpers"],"https://github.com/dagger/sdk-helpers"]